// !$*UTF8*$!
{
	archiveVersion = 1;
	classes = {
	};
	objectVersion = 46;
	objects = {

/* Begin PBXBuildFile section */
		60475AB01698D89F00C28D67 /* BZFoursquare.m in Sources */ = {isa = PBXBuildFile; fileRef = 60475AAD1698D89F00C28D67 /* BZFoursquare.m */; settings = {COMPILER_FLAGS = "-fno-objc-arc"; }; };
		60475AB11698D89F00C28D67 /* BZFoursquareRequest.m in Sources */ = {isa = PBXBuildFile; fileRef = 60475AAF1698D89F00C28D67 /* BZFoursquareRequest.m */; settings = {COMPILER_FLAGS = "-fno-objc-arc"; }; };
		60475AB41698D8DD00C28D67 /* MobileCoreServices.framework in Frameworks */ = {isa = PBXBuildFile; fileRef = 60475AB31698D8DD00C28D67 /* MobileCoreServices.framework */; };
		60475ABC1698DA0B00C28D67 /* NearbyViewController.m in Sources */ = {isa = PBXBuildFile; fileRef = 60475ABA1698DA0B00C28D67 /* NearbyViewController.m */; };
		60475ABD1698DA0B00C28D67 /* NearbyViewController.xib in Resources */ = {isa = PBXBuildFile; fileRef = 60475ABB1698DA0B00C28D67 /* NearbyViewController.xib */; };
		60475AC81698F1D200C28D67 /* NearbyViewCell.xib in Resources */ = {isa = PBXBuildFile; fileRef = 60475AC71698F1D200C28D67 /* NearbyViewCell.xib */; };
		60475ACF1698F84700C28D67 /* Barthowheel.ttf in Resources */ = {isa = PBXBuildFile; fileRef = 60475ACE1698F84700C28D67 /* Barthowheel.ttf */; };
		60475ADB1699074A00C28D67 /* LaunchGameViewController.m in Sources */ = {isa = PBXBuildFile; fileRef = 60475AD91699074A00C28D67 /* LaunchGameViewController.m */; };
		60475ADC1699074A00C28D67 /* LaunchGameViewController.xib in Resources */ = {isa = PBXBuildFile; fileRef = 60475ADA1699074A00C28D67 /* LaunchGameViewController.xib */; };
		60AF85761698B5E80004AC79 /* UIKit.framework in Frameworks */ = {isa = PBXBuildFile; fileRef = 60AF85751698B5E80004AC79 /* UIKit.framework */; };
		60AF85781698B5E80004AC79 /* Foundation.framework in Frameworks */ = {isa = PBXBuildFile; fileRef = 60AF85771698B5E80004AC79 /* Foundation.framework */; };
		60AF857A1698B5E80004AC79 /* CoreGraphics.framework in Frameworks */ = {isa = PBXBuildFile; fileRef = 60AF85791698B5E80004AC79 /* CoreGraphics.framework */; };
		60AF85801698B5E80004AC79 /* InfoPlist.strings in Resources */ = {isa = PBXBuildFile; fileRef = 60AF857E1698B5E80004AC79 /* InfoPlist.strings */; };
		60AF85821698B5E80004AC79 /* main.m in Sources */ = {isa = PBXBuildFile; fileRef = 60AF85811698B5E80004AC79 /* main.m */; };
		60AF85861698B5E80004AC79 /* AppDelegate.m in Sources */ = {isa = PBXBuildFile; fileRef = 60AF85851698B5E80004AC79 /* AppDelegate.m */; };
		60AF85881698B5E80004AC79 /* Default.png in Resources */ = {isa = PBXBuildFile; fileRef = 60AF85871698B5E80004AC79 /* Default.png */; };
		60AF858A1698B5E80004AC79 /* Default@2x.png in Resources */ = {isa = PBXBuildFile; fileRef = 60AF85891698B5E80004AC79 /* Default@2x.png */; };
		60AF858C1698B5E80004AC79 /* Default-568h@2x.png in Resources */ = {isa = PBXBuildFile; fileRef = 60AF858B1698B5E80004AC79 /* Default-568h@2x.png */; };
		60AF858F1698B5E80004AC79 /* ViewController.m in Sources */ = {isa = PBXBuildFile; fileRef = 60AF858E1698B5E80004AC79 /* ViewController.m */; };
		60AF85921698B5E80004AC79 /* ViewController.xib in Resources */ = {isa = PBXBuildFile; fileRef = 60AF85901698B5E80004AC79 /* ViewController.xib */; };
		60AF859B1698B63C0004AC79 /* ShakeCanViewController.m in Sources */ = {isa = PBXBuildFile; fileRef = 60AF85991698B63C0004AC79 /* ShakeCanViewController.m */; };
		60AF859C1698B63C0004AC79 /* ShakeCanViewController.xib in Resources */ = {isa = PBXBuildFile; fileRef = 60AF859A1698B63C0004AC79 /* ShakeCanViewController.xib */; };
		60AF859E1698C8770004AC79 /* gradient.jpg in Resources */ = {isa = PBXBuildFile; fileRef = 60AF859D1698C8770004AC79 /* gradient.jpg */; };
		60EC3BA7169919A200363C7B /* JMImageCache.m in Sources */ = {isa = PBXBuildFile; fileRef = 60EC3BA4169919A200363C7B /* JMImageCache.m */; };
		60EC3BA8169919A200363C7B /* UIImageView+JMImageCache.m in Sources */ = {isa = PBXBuildFile; fileRef = 60EC3BA6169919A200363C7B /* UIImageView+JMImageCache.m */; };
		6D8A8A2E1698F4AF008DE899 /* wall.jpg in Resources */ = {isa = PBXBuildFile; fileRef = 6D8A8A2C1698F4AC008DE899 /* wall.jpg */; };
		6D8A8A2F1698F4AF008DE899 /* wall@2x.jpg in Resources */ = {isa = PBXBuildFile; fileRef = 6D8A8A2D1698F4AE008DE899 /* wall@2x.jpg */; };
		6D8A8A331698F7CB008DE899 /* sodacan.png in Resources */ = {isa = PBXBuildFile; fileRef = 6D8A8A311698F7C9008DE899 /* sodacan.png */; };
		6D8A8A341698F7CB008DE899 /* sodacan@2x.png in Resources */ = {isa = PBXBuildFile; fileRef = 6D8A8A321698F7C9008DE899 /* sodacan@2x.png */; };
		6D8A8A3D16990384008DE899 /* login-bg.png in Resources */ = {isa = PBXBuildFile; fileRef = 6D8A8A3916990383008DE899 /* login-bg.png */; };
		6D8A8A3E16990384008DE899 /* login-bg@2x.png in Resources */ = {isa = PBXBuildFile; fileRef = 6D8A8A3A16990383008DE899 /* login-bg@2x.png */; };
		6D8A8A3F16990384008DE899 /* logo.png in Resources */ = {isa = PBXBuildFile; fileRef = 6D8A8A3B16990383008DE899 /* logo.png */; };
		6D8A8A4016990384008DE899 /* logo@2x.png in Resources */ = {isa = PBXBuildFile; fileRef = 6D8A8A3C16990383008DE899 /* logo@2x.png */; };
		6D8A8A4816991302008DE899 /* nearby.png in Resources */ = {isa = PBXBuildFile; fileRef = 6D8A8A4616991301008DE899 /* nearby.png */; };
		6D8A8A4916991302008DE899 /* nearby@2x.png in Resources */ = {isa = PBXBuildFile; fileRef = 6D8A8A4716991301008DE899 /* nearby@2x.png */; };
		6D8A8A4D1699181A008DE899 /* launchgame.png in Resources */ = {isa = PBXBuildFile; fileRef = 6D8A8A4B16991816008DE899 /* launchgame.png */; };
		6D8A8A4E1699181A008DE899 /* launchgame@2x.png in Resources */ = {isa = PBXBuildFile; fileRef = 6D8A8A4C16991819008DE899 /* launchgame@2x.png */; };
		6D8A8A5416992180008DE899 /* gametext.png in Resources */ = {isa = PBXBuildFile; fileRef = 6D8A8A531699217F008DE899 /* gametext.png */; };
		6D8A8A57169923D4008DE899 /* checkin@2x.png in Resources */ = {isa = PBXBuildFile; fileRef = 6D8A8A56169923D4008DE899 /* checkin@2x.png */; };
/* End PBXBuildFile section */

/* Begin PBXFileReference section */
		60475AAC1698D89F00C28D67 /* BZFoursquare.h */ = {isa = PBXFileReference; fileEncoding = 4; lastKnownFileType = sourcecode.c.h; path = BZFoursquare.h; sourceTree = "<group>"; };
		60475AAD1698D89F00C28D67 /* BZFoursquare.m */ = {isa = PBXFileReference; fileEncoding = 4; lastKnownFileType = sourcecode.c.objc; path = BZFoursquare.m; sourceTree = "<group>"; };
		60475AAE1698D89F00C28D67 /* BZFoursquareRequest.h */ = {isa = PBXFileReference; fileEncoding = 4; lastKnownFileType = sourcecode.c.h; path = BZFoursquareRequest.h; sourceTree = "<group>"; };
		60475AAF1698D89F00C28D67 /* BZFoursquareRequest.m */ = {isa = PBXFileReference; fileEncoding = 4; lastKnownFileType = sourcecode.c.objc; path = BZFoursquareRequest.m; sourceTree = "<group>"; };
		60475AB31698D8DD00C28D67 /* MobileCoreServices.framework */ = {isa = PBXFileReference; lastKnownFileType = wrapper.framework; name = MobileCoreServices.framework; path = System/Library/Frameworks/MobileCoreServices.framework; sourceTree = SDKROOT; };
		60475AB91698DA0B00C28D67 /* NearbyViewController.h */ = {isa = PBXFileReference; fileEncoding = 4; lastKnownFileType = sourcecode.c.h; path = NearbyViewController.h; sourceTree = "<group>"; };
		60475ABA1698DA0B00C28D67 /* NearbyViewController.m */ = {isa = PBXFileReference; fileEncoding = 4; lastKnownFileType = sourcecode.c.objc; path = NearbyViewController.m; sourceTree = "<group>"; };
		60475ABB1698DA0B00C28D67 /* NearbyViewController.xib */ = {isa = PBXFileReference; fileEncoding = 4; lastKnownFileType = file.xib; path = NearbyViewController.xib; sourceTree = "<group>"; };
		60475AC71698F1D200C28D67 /* NearbyViewCell.xib */ = {isa = PBXFileReference; fileEncoding = 4; lastKnownFileType = file.xib; path = NearbyViewCell.xib; sourceTree = "<group>"; };
		60475ACE1698F84700C28D67 /* Barthowheel.ttf */ = {isa = PBXFileReference; lastKnownFileType = file; path = Barthowheel.ttf; sourceTree = "<group>"; };
		60475AD81699074A00C28D67 /* LaunchGameViewController.h */ = {isa = PBXFileReference; fileEncoding = 4; lastKnownFileType = sourcecode.c.h; path = LaunchGameViewController.h; sourceTree = "<group>"; };
		60475AD91699074A00C28D67 /* LaunchGameViewController.m */ = {isa = PBXFileReference; fileEncoding = 4; lastKnownFileType = sourcecode.c.objc; path = LaunchGameViewController.m; sourceTree = "<group>"; };
		60475ADA1699074A00C28D67 /* LaunchGameViewController.xib */ = {isa = PBXFileReference; fileEncoding = 4; lastKnownFileType = file.xib; path = LaunchGameViewController.xib; sourceTree = "<group>"; };
		60AF85711698B5E80004AC79 /* HipSpot.app */ = {isa = PBXFileReference; explicitFileType = wrapper.application; includeInIndex = 0; path = HipSpot.app; sourceTree = BUILT_PRODUCTS_DIR; };
		60AF85751698B5E80004AC79 /* UIKit.framework */ = {isa = PBXFileReference; lastKnownFileType = wrapper.framework; name = UIKit.framework; path = System/Library/Frameworks/UIKit.framework; sourceTree = SDKROOT; };
		60AF85771698B5E80004AC79 /* Foundation.framework */ = {isa = PBXFileReference; lastKnownFileType = wrapper.framework; name = Foundation.framework; path = System/Library/Frameworks/Foundation.framework; sourceTree = SDKROOT; };
		60AF85791698B5E80004AC79 /* CoreGraphics.framework */ = {isa = PBXFileReference; lastKnownFileType = wrapper.framework; name = CoreGraphics.framework; path = System/Library/Frameworks/CoreGraphics.framework; sourceTree = SDKROOT; };
		60AF857D1698B5E80004AC79 /* HipSpot-Info.plist */ = {isa = PBXFileReference; lastKnownFileType = text.plist.xml; path = "HipSpot-Info.plist"; sourceTree = "<group>"; };
		60AF857F1698B5E80004AC79 /* en */ = {isa = PBXFileReference; lastKnownFileType = text.plist.strings; name = en; path = en.lproj/InfoPlist.strings; sourceTree = "<group>"; };
		60AF85811698B5E80004AC79 /* main.m */ = {isa = PBXFileReference; lastKnownFileType = sourcecode.c.objc; path = main.m; sourceTree = "<group>"; };
		60AF85831698B5E80004AC79 /* HipSpot-Prefix.pch */ = {isa = PBXFileReference; lastKnownFileType = sourcecode.c.h; path = "HipSpot-Prefix.pch"; sourceTree = "<group>"; };
		60AF85841698B5E80004AC79 /* AppDelegate.h */ = {isa = PBXFileReference; lastKnownFileType = sourcecode.c.h; path = AppDelegate.h; sourceTree = "<group>"; };
		60AF85851698B5E80004AC79 /* AppDelegate.m */ = {isa = PBXFileReference; lastKnownFileType = sourcecode.c.objc; path = AppDelegate.m; sourceTree = "<group>"; };
		60AF85871698B5E80004AC79 /* Default.png */ = {isa = PBXFileReference; lastKnownFileType = image.png; path = Default.png; sourceTree = "<group>"; };
		60AF85891698B5E80004AC79 /* Default@2x.png */ = {isa = PBXFileReference; lastKnownFileType = image.png; path = "Default@2x.png"; sourceTree = "<group>"; };
		60AF858B1698B5E80004AC79 /* Default-568h@2x.png */ = {isa = PBXFileReference; lastKnownFileType = image.png; path = "Default-568h@2x.png"; sourceTree = "<group>"; };
		60AF858D1698B5E80004AC79 /* ViewController.h */ = {isa = PBXFileReference; lastKnownFileType = sourcecode.c.h; path = ViewController.h; sourceTree = "<group>"; };
		60AF858E1698B5E80004AC79 /* ViewController.m */ = {isa = PBXFileReference; lastKnownFileType = sourcecode.c.objc; path = ViewController.m; sourceTree = "<group>"; };
		60AF85911698B5E80004AC79 /* en */ = {isa = PBXFileReference; lastKnownFileType = file.xib; name = en; path = en.lproj/ViewController.xib; sourceTree = "<group>"; };
		60AF85981698B63C0004AC79 /* ShakeCanViewController.h */ = {isa = PBXFileReference; fileEncoding = 4; lastKnownFileType = sourcecode.c.h; path = ShakeCanViewController.h; sourceTree = "<group>"; };
		60AF85991698B63C0004AC79 /* ShakeCanViewController.m */ = {isa = PBXFileReference; fileEncoding = 4; lastKnownFileType = sourcecode.c.objc; path = ShakeCanViewController.m; sourceTree = "<group>"; };
		60AF859A1698B63C0004AC79 /* ShakeCanViewController.xib */ = {isa = PBXFileReference; fileEncoding = 4; lastKnownFileType = file.xib; path = ShakeCanViewController.xib; sourceTree = "<group>"; };
		60AF859D1698C8770004AC79 /* gradient.jpg */ = {isa = PBXFileReference; lastKnownFileType = image.jpeg; path = gradient.jpg; sourceTree = "<group>"; };
		60EC3BA3169919A200363C7B /* JMImageCache.h */ = {isa = PBXFileReference; fileEncoding = 4; lastKnownFileType = sourcecode.c.h; path = JMImageCache.h; sourceTree = "<group>"; };
		60EC3BA4169919A200363C7B /* JMImageCache.m */ = {isa = PBXFileReference; fileEncoding = 4; lastKnownFileType = sourcecode.c.objc; path = JMImageCache.m; sourceTree = "<group>"; };
		60EC3BA5169919A200363C7B /* UIImageView+JMImageCache.h */ = {isa = PBXFileReference; fileEncoding = 4; lastKnownFileType = sourcecode.c.h; path = "UIImageView+JMImageCache.h"; sourceTree = "<group>"; };
		60EC3BA6169919A200363C7B /* UIImageView+JMImageCache.m */ = {isa = PBXFileReference; fileEncoding = 4; lastKnownFileType = sourcecode.c.objc; path = "UIImageView+JMImageCache.m"; sourceTree = "<group>"; };
		6D8A8A2C1698F4AC008DE899 /* wall.jpg */ = {isa = PBXFileReference; lastKnownFileType = image.jpeg; path = wall.jpg; sourceTree = "<group>"; };
		6D8A8A2D1698F4AE008DE899 /* wall@2x.jpg */ = {isa = PBXFileReference; lastKnownFileType = image.jpeg; path = "wall@2x.jpg"; sourceTree = "<group>"; };
		6D8A8A311698F7C9008DE899 /* sodacan.png */ = {isa = PBXFileReference; lastKnownFileType = image.png; path = sodacan.png; sourceTree = "<group>"; };
		6D8A8A321698F7C9008DE899 /* sodacan@2x.png */ = {isa = PBXFileReference; lastKnownFileType = image.png; path = "sodacan@2x.png"; sourceTree = "<group>"; };
		6D8A8A3916990383008DE899 /* login-bg.png */ = {isa = PBXFileReference; lastKnownFileType = image.png; path = "login-bg.png"; sourceTree = "<group>"; };
		6D8A8A3A16990383008DE899 /* login-bg@2x.png */ = {isa = PBXFileReference; lastKnownFileType = image.png; path = "login-bg@2x.png"; sourceTree = "<group>"; };
		6D8A8A3B16990383008DE899 /* logo.png */ = {isa = PBXFileReference; lastKnownFileType = image.png; path = logo.png; sourceTree = "<group>"; };
		6D8A8A3C16990383008DE899 /* logo@2x.png */ = {isa = PBXFileReference; lastKnownFileType = image.png; path = "logo@2x.png"; sourceTree = "<group>"; };
		6D8A8A4616991301008DE899 /* nearby.png */ = {isa = PBXFileReference; lastKnownFileType = image.png; path = nearby.png; sourceTree = "<group>"; };
		6D8A8A4716991301008DE899 /* nearby@2x.png */ = {isa = PBXFileReference; lastKnownFileType = image.png; path = "nearby@2x.png"; sourceTree = "<group>"; };
		6D8A8A4B16991816008DE899 /* launchgame.png */ = {isa = PBXFileReference; lastKnownFileType = image.png; path = launchgame.png; sourceTree = "<group>"; };
		6D8A8A4C16991819008DE899 /* launchgame@2x.png */ = {isa = PBXFileReference; lastKnownFileType = image.png; path = "launchgame@2x.png"; sourceTree = "<group>"; };
		6D8A8A531699217F008DE899 /* gametext.png */ = {isa = PBXFileReference; lastKnownFileType = image.png; path = gametext.png; sourceTree = "<group>"; };
		6D8A8A56169923D4008DE899 /* checkin@2x.png */ = {isa = PBXFileReference; lastKnownFileType = image.png; name = "checkin@2x.png"; path = "JMImageCache/checkin@2x.png"; sourceTree = "<group>"; };
/* End PBXFileReference section */

/* Begin PBXFrameworksBuildPhase section */
		60AF856E1698B5E80004AC79 /* Frameworks */ = {
			isa = PBXFrameworksBuildPhase;
			buildActionMask = 2147483647;
			files = (
				60475AB41698D8DD00C28D67 /* MobileCoreServices.framework in Frameworks */,
				60AF85761698B5E80004AC79 /* UIKit.framework in Frameworks */,
				60AF85781698B5E80004AC79 /* Foundation.framework in Frameworks */,
				60AF857A1698B5E80004AC79 /* CoreGraphics.framework in Frameworks */,
			);
			runOnlyForDeploymentPostprocessing = 0;
		};
/* End PBXFrameworksBuildPhase section */

/* Begin PBXGroup section */
		60475AAB1698D89F00C28D67 /* BZFoursquare */ = {
			isa = PBXGroup;
			children = (
				60475AAC1698D89F00C28D67 /* BZFoursquare.h */,
				60475AAD1698D89F00C28D67 /* BZFoursquare.m */,
				60475AAE1698D89F00C28D67 /* BZFoursquareRequest.h */,
				60475AAF1698D89F00C28D67 /* BZFoursquareRequest.m */,
			);
			path = BZFoursquare;
			sourceTree = "<group>";
		};
		60AF85661698B5E80004AC79 = {
			isa = PBXGroup;
			children = (
				60AF857B1698B5E80004AC79 /* HipSpot */,
				60AF85741698B5E80004AC79 /* Frameworks */,
				60AF85721698B5E80004AC79 /* Products */,
			);
			sourceTree = "<group>";
		};
		60AF85721698B5E80004AC79 /* Products */ = {
			isa = PBXGroup;
			children = (
				60AF85711698B5E80004AC79 /* HipSpot.app */,
			);
			name = Products;
			sourceTree = "<group>";
		};
		60AF85741698B5E80004AC79 /* Frameworks */ = {
			isa = PBXGroup;
			children = (
				60475AB31698D8DD00C28D67 /* MobileCoreServices.framework */,
				60AF85751698B5E80004AC79 /* UIKit.framework */,
				60AF85771698B5E80004AC79 /* Foundation.framework */,
				60AF85791698B5E80004AC79 /* CoreGraphics.framework */,
			);
			name = Frameworks;
			sourceTree = "<group>";
		};
		60AF857B1698B5E80004AC79 /* HipSpot */ = {
			isa = PBXGroup;
			children = (
				60EC3BA2169919A200363C7B /* JMImageCache */,
				6D8A8A3916990383008DE899 /* login-bg.png */,
				6D8A8A56169923D4008DE899 /* checkin@2x.png */,
				6D8A8A3A16990383008DE899 /* login-bg@2x.png */,
				6D8A8A531699217F008DE899 /* gametext.png */,
				6D8A8A3B16990383008DE899 /* logo.png */,
				6D8A8A3C16990383008DE899 /* logo@2x.png */,
				6D8A8A2C1698F4AC008DE899 /* wall.jpg */,
				6D8A8A2D1698F4AE008DE899 /* wall@2x.jpg */,
				6D8A8A311698F7C9008DE899 /* sodacan.png */,
				6D8A8A321698F7C9008DE899 /* sodacan@2x.png */,
				6D8A8A4616991301008DE899 /* nearby.png */,
				6D8A8A4716991301008DE899 /* nearby@2x.png */,
				6D8A8A4B16991816008DE899 /* launchgame.png */,
				6D8A8A4C16991819008DE899 /* launchgame@2x.png */,
				60475ACE1698F84700C28D67 /* Barthowheel.ttf */,
				60475AAB1698D89F00C28D67 /* BZFoursquare */,
				60AF859D1698C8770004AC79 /* gradient.jpg */,
				60AF85841698B5E80004AC79 /* AppDelegate.h */,
				60AF85851698B5E80004AC79 /* AppDelegate.m */,
				60AF858D1698B5E80004AC79 /* ViewController.h */,
				60AF858E1698B5E80004AC79 /* ViewController.m */,
				60AF85901698B5E80004AC79 /* ViewController.xib */,
				60AF857C1698B5E80004AC79 /* Supporting Files */,
				60475AD81699074A00C28D67 /* LaunchGameViewController.h */,
				60475AD91699074A00C28D67 /* LaunchGameViewController.m */,
				60475ADA1699074A00C28D67 /* LaunchGameViewController.xib */,
				60AF85981698B63C0004AC79 /* ShakeCanViewController.h */,
				60AF85991698B63C0004AC79 /* ShakeCanViewController.m */,
				60AF859A1698B63C0004AC79 /* ShakeCanViewController.xib */,
				60475AB91698DA0B00C28D67 /* NearbyViewController.h */,
				60475ABA1698DA0B00C28D67 /* NearbyViewController.m */,
				60475ABB1698DA0B00C28D67 /* NearbyViewController.xib */,
				60475AC71698F1D200C28D67 /* NearbyViewCell.xib */,
			);
			path = HipSpot;
			sourceTree = "<group>";
		};
		60AF857C1698B5E80004AC79 /* Supporting Files */ = {
			isa = PBXGroup;
			children = (
				60AF857D1698B5E80004AC79 /* HipSpot-Info.plist */,
				60AF857E1698B5E80004AC79 /* InfoPlist.strings */,
				60AF85811698B5E80004AC79 /* main.m */,
				60AF85831698B5E80004AC79 /* HipSpot-Prefix.pch */,
				60AF85871698B5E80004AC79 /* Default.png */,
				60AF85891698B5E80004AC79 /* Default@2x.png */,
				60AF858B1698B5E80004AC79 /* Default-568h@2x.png */,
			);
			name = "Supporting Files";
			sourceTree = "<group>";
		};
		60EC3BA2169919A200363C7B /* JMImageCache */ = {
			isa = PBXGroup;
			children = (
				60EC3BA3169919A200363C7B /* JMImageCache.h */,
				60EC3BA4169919A200363C7B /* JMImageCache.m */,
				60EC3BA5169919A200363C7B /* UIImageView+JMImageCache.h */,
				60EC3BA6169919A200363C7B /* UIImageView+JMImageCache.m */,
			);
			path = JMImageCache;
			sourceTree = "<group>";
		};
/* End PBXGroup section */

/* Begin PBXNativeTarget section */
		60AF85701698B5E80004AC79 /* HipSpot */ = {
			isa = PBXNativeTarget;
			buildConfigurationList = 60AF85951698B5E80004AC79 /* Build configuration list for PBXNativeTarget "HipSpot" */;
			buildPhases = (
				60AF856D1698B5E80004AC79 /* Sources */,
				60AF856E1698B5E80004AC79 /* Frameworks */,
				60AF856F1698B5E80004AC79 /* Resources */,
			);
			buildRules = (
			);
			dependencies = (
			);
			name = HipSpot;
			productName = HipSpot;
			productReference = 60AF85711698B5E80004AC79 /* HipSpot.app */;
			productType = "com.apple.product-type.application";
		};
/* End PBXNativeTarget section */

/* Begin PBXProject section */
		60AF85681698B5E80004AC79 /* Project object */ = {
			isa = PBXProject;
			attributes = {
				LastUpgradeCheck = 0450;
				ORGANIZATIONNAME = noc;
			};
			buildConfigurationList = 60AF856B1698B5E80004AC79 /* Build configuration list for PBXProject "HipSpot" */;
			compatibilityVersion = "Xcode 3.2";
			developmentRegion = English;
			hasScannedForEncodings = 0;
			knownRegions = (
				en,
			);
			mainGroup = 60AF85661698B5E80004AC79;
			productRefGroup = 60AF85721698B5E80004AC79 /* Products */;
			projectDirPath = "";
			projectRoot = "";
			targets = (
				60AF85701698B5E80004AC79 /* HipSpot */,
			);
		};
/* End PBXProject section */

/* Begin PBXResourcesBuildPhase section */
		60AF856F1698B5E80004AC79 /* Resources */ = {
			isa = PBXResourcesBuildPhase;
			buildActionMask = 2147483647;
			files = (
				60AF85801698B5E80004AC79 /* InfoPlist.strings in Resources */,
				60AF85881698B5E80004AC79 /* Default.png in Resources */,
				60AF858A1698B5E80004AC79 /* Default@2x.png in Resources */,
				60AF858C1698B5E80004AC79 /* Default-568h@2x.png in Resources */,
				60AF85921698B5E80004AC79 /* ViewController.xib in Resources */,
				60AF859C1698B63C0004AC79 /* ShakeCanViewController.xib in Resources */,
				60AF859E1698C8770004AC79 /* gradient.jpg in Resources */,
				6D8A8A2E1698F4AF008DE899 /* wall.jpg in Resources */,
				6D8A8A2F1698F4AF008DE899 /* wall@2x.jpg in Resources */,
				6D8A8A331698F7CB008DE899 /* sodacan.png in Resources */,
				6D8A8A341698F7CB008DE899 /* sodacan@2x.png in Resources */,
				60475ABD1698DA0B00C28D67 /* NearbyViewController.xib in Resources */,
				60475AC81698F1D200C28D67 /* NearbyViewCell.xib in Resources */,
				60475ACF1698F84700C28D67 /* Barthowheel.ttf in Resources */,
				60475ADC1699074A00C28D67 /* LaunchGameViewController.xib in Resources */,
				6D8A8A3D16990384008DE899 /* login-bg.png in Resources */,
				6D8A8A3E16990384008DE899 /* login-bg@2x.png in Resources */,
				6D8A8A3F16990384008DE899 /* logo.png in Resources */,
				6D8A8A4016990384008DE899 /* logo@2x.png in Resources */,
				6D8A8A4816991302008DE899 /* nearby.png in Resources */,
				6D8A8A4916991302008DE899 /* nearby@2x.png in Resources */,
				6D8A8A4D1699181A008DE899 /* launchgame.png in Resources */,
				6D8A8A4E1699181A008DE899 /* launchgame@2x.png in Resources */,
				6D8A8A5416992180008DE899 /* gametext.png in Resources */,
				6D8A8A57169923D4008DE899 /* checkin@2x.png in Resources */,
			);
			runOnlyForDeploymentPostprocessing = 0;
		};
/* End PBXResourcesBuildPhase section */

/* Begin PBXSourcesBuildPhase section */
		60AF856D1698B5E80004AC79 /* Sources */ = {
			isa = PBXSourcesBuildPhase;
			buildActionMask = 2147483647;
			files = (
				60AF85821698B5E80004AC79 /* main.m in Sources */,
				60AF85861698B5E80004AC79 /* AppDelegate.m in Sources */,
				60AF858F1698B5E80004AC79 /* ViewController.m in Sources */,
				60AF859B1698B63C0004AC79 /* ShakeCanViewController.m in Sources */,
				60475AB01698D89F00C28D67 /* BZFoursquare.m in Sources */,
				60475AB11698D89F00C28D67 /* BZFoursquareRequest.m in Sources */,
				60475ABC1698DA0B00C28D67 /* NearbyViewController.m in Sources */,
				60475ADB1699074A00C28D67 /* LaunchGameViewController.m in Sources */,
				60EC3BA7169919A200363C7B /* JMImageCache.m in Sources */,
				60EC3BA8169919A200363C7B /* UIImageView+JMImageCache.m in Sources */,
			);
			runOnlyForDeploymentPostprocessing = 0;
		};
/* End PBXSourcesBuildPhase section */

/* Begin PBXVariantGroup section */
		60AF857E1698B5E80004AC79 /* InfoPlist.strings */ = {
			isa = PBXVariantGroup;
			children = (
				60AF857F1698B5E80004AC79 /* en */,
			);
			name = InfoPlist.strings;
			sourceTree = "<group>";
		};
		60AF85901698B5E80004AC79 /* ViewController.xib */ = {
			isa = PBXVariantGroup;
			children = (
				60AF85911698B5E80004AC79 /* en */,
			);
			name = ViewController.xib;
			sourceTree = "<group>";
		};
/* End PBXVariantGroup section */

/* Begin XCBuildConfiguration section */
		60AF85931698B5E80004AC79 /* Debug */ = {
			isa = XCBuildConfiguration;
			buildSettings = {
				ALWAYS_SEARCH_USER_PATHS = NO;
				CLANG_CXX_LANGUAGE_STANDARD = "gnu++0x";
				CLANG_CXX_LIBRARY = "libc++";
				CLANG_ENABLE_OBJC_ARC = YES;
				CLANG_WARN_EMPTY_BODY = YES;
				CLANG_WARN__DUPLICATE_METHOD_MATCH = YES;
				"CODE_SIGN_IDENTITY[sdk=iphoneos*]" = "iPhone Developer";
				COPY_PHASE_STRIP = NO;
				GCC_C_LANGUAGE_STANDARD = gnu99;
				GCC_DYNAMIC_NO_PIC = NO;
				GCC_OPTIMIZATION_LEVEL = 0;
				GCC_PREPROCESSOR_DEFINITIONS = (
					"DEBUG=1",
					"$(inherited)",
				);
				GCC_SYMBOLS_PRIVATE_EXTERN = NO;
				GCC_WARN_ABOUT_RETURN_TYPE = YES;
				GCC_WARN_UNINITIALIZED_AUTOS = YES;
				GCC_WARN_UNUSED_VARIABLE = YES;
				IPHONEOS_DEPLOYMENT_TARGET = 6.0;
				ONLY_ACTIVE_ARCH = YES;
				SDKROOT = iphoneos;
			};
			name = Debug;
		};
		60AF85941698B5E80004AC79 /* Release */ = {
			isa = XCBuildConfiguration;
			buildSettings = {
				ALWAYS_SEARCH_USER_PATHS = NO;
				CLANG_CXX_LANGUAGE_STANDARD = "gnu++0x";
				CLANG_CXX_LIBRARY = "libc++";
				CLANG_ENABLE_OBJC_ARC = YES;
				CLANG_WARN_EMPTY_BODY = YES;
				CLANG_WARN__DUPLICATE_METHOD_MATCH = YES;
				"CODE_SIGN_IDENTITY[sdk=iphoneos*]" = "iPhone Developer";
				COPY_PHASE_STRIP = YES;
				GCC_C_LANGUAGE_STANDARD = gnu99;
				GCC_WARN_ABOUT_RETURN_TYPE = YES;
				GCC_WARN_UNINITIALIZED_AUTOS = YES;
				GCC_WARN_UNUSED_VARIABLE = YES;
				IPHONEOS_DEPLOYMENT_TARGET = 6.0;
				OTHER_CFLAGS = "-DNS_BLOCK_ASSERTIONS=1";
				SDKROOT = iphoneos;
				VALIDATE_PRODUCT = YES;
			};
			name = Release;
		};
		60AF85961698B5E80004AC79 /* Debug */ = {
			isa = XCBuildConfiguration;
			buildSettings = {
				GCC_PRECOMPILE_PREFIX_HEADER = YES;
				GCC_PREFIX_HEADER = "HipSpot/HipSpot-Prefix.pch";
				INFOPLIST_FILE = "HipSpot/HipSpot-Info.plist";
				PRODUCT_NAME = "$(TARGET_NAME)";
				WRAPPER_EXTENSION = app;
			};
			name = Debug;
		};
		60AF85971698B5E80004AC79 /* Release */ = {
			isa = XCBuildConfiguration;
			buildSettings = {
				GCC_PRECOMPILE_PREFIX_HEADER = YES;
				GCC_PREFIX_HEADER = "HipSpot/HipSpot-Prefix.pch";
				INFOPLIST_FILE = "HipSpot/HipSpot-Info.plist";
				PRODUCT_NAME = "$(TARGET_NAME)";
				WRAPPER_EXTENSION = app;
			};
			name = Release;
		};
/* End XCBuildConfiguration section */

/* Begin XCConfigurationList section */
		60AF856B1698B5E80004AC79 /* Build configuration list for PBXProject "HipSpot" */ = {
			isa = XCConfigurationList;
			buildConfigurations = (
				60AF85931698B5E80004AC79 /* Debug */,
				60AF85941698B5E80004AC79 /* Release */,
			);
			defaultConfigurationIsVisible = 0;
			defaultConfigurationName = Release;
		};
		60AF85951698B5E80004AC79 /* Build configuration list for PBXNativeTarget "HipSpot" */ = {
			isa = XCConfigurationList;
			buildConfigurations = (
				60AF85961698B5E80004AC79 /* Debug */,
				60AF85971698B5E80004AC79 /* Release */,
			);
			defaultConfigurationIsVisible = 0;
			defaultConfigurationName = Release;
		};
/* End XCConfigurationList section */
	};
	rootObject = 60AF85681698B5E80004AC79 /* Project object */;
}
